// !$*UTF8*$!
{
	archiveVersion = 1;
	classes = {
	};
	objectVersion = 46;
	objects = {

/* Begin PBXBuildFile section */
		11F3603F342F42D5ADEC7FAB /* libPods.a in Frameworks */ = {isa = PBXBuildFile; fileRef = 1C95DB1112134393978A29DE /* libPods.a */; };
		21BC853E189DB8220042A6CD /* FlickrClient.m in Sources */ = {isa = PBXBuildFile; fileRef = 21BC853D189DB8220042A6CD /* FlickrClient.m */; };
		21BC8541189DB8800042A6CD /* RestObject.m in Sources */ = {isa = PBXBuildFile; fileRef = 21BC8540189DB8800042A6CD /* RestObject.m */; };
		21BC8544189DB8980042A6CD /* FlickrUser.m in Sources */ = {isa = PBXBuildFile; fileRef = 21BC8543189DB8980042A6CD /* FlickrUser.m */; };
		21BC854B189DBB730042A6CD /* NSDictionary+CPAdditions.m in Sources */ = {isa = PBXBuildFile; fileRef = 21BC854A189DBB730042A6CD /* NSDictionary+CPAdditions.m */; };
		21C97641189F04FA0096620D /* FlickrCell.m in Sources */ = {isa = PBXBuildFile; fileRef = 21C97640189F04FA0096620D /* FlickrCell.m */; };
		21C97643189F051E0096620D /* FlickrCell.xib in Resources */ = {isa = PBXBuildFile; fileRef = 21C97642189F051E0096620D /* FlickrCell.xib */; };
		21C97646189F06920096620D /* FlickrPhoto.m in Sources */ = {isa = PBXBuildFile; fileRef = 21C97645189F06920096620D /* FlickrPhoto.m */; };
		9FD1D7851899B7810076CC94 /* Parse.framework in Frameworks */ = {isa = PBXBuildFile; fileRef = 9FD1D7841899B7810076CC94 /* Parse.framework */; };
		9FD1D7871899B7C20076CC94 /* AudioToolbox.framework in Frameworks */ = {isa = PBXBuildFile; fileRef = 9FD1D7861899B7C20076CC94 /* AudioToolbox.framework */; };
		9FD1D7891899B7D00076CC94 /* CFNetwork.framework in Frameworks */ = {isa = PBXBuildFile; fileRef = 9FD1D7881899B7D00076CC94 /* CFNetwork.framework */; };
		9FD1D78B1899B7EF0076CC94 /* CoreLocation.framework in Frameworks */ = {isa = PBXBuildFile; fileRef = 9FD1D78A1899B7EF0076CC94 /* CoreLocation.framework */; };
		9FD1D78D1899B7FF0076CC94 /* libz.dylib in Frameworks */ = {isa = PBXBuildFile; fileRef = 9FD1D78C1899B7FF0076CC94 /* libz.dylib */; };
		9FD1D78F1899B80C0076CC94 /* MobileCoreServices.framework in Frameworks */ = {isa = PBXBuildFile; fileRef = 9FD1D78E1899B80C0076CC94 /* MobileCoreServices.framework */; };
		9FD1D7911899B81B0076CC94 /* QuartzCore.framework in Frameworks */ = {isa = PBXBuildFile; fileRef = 9FD1D7901899B81B0076CC94 /* QuartzCore.framework */; };
		9FD1D7931899B8240076CC94 /* Security.framework in Frameworks */ = {isa = PBXBuildFile; fileRef = 9FD1D7921899B8240076CC94 /* Security.framework */; };
		9FD1D7951899B8310076CC94 /* StoreKit.framework in Frameworks */ = {isa = PBXBuildFile; fileRef = 9FD1D7941899B8310076CC94 /* StoreKit.framework */; };
		9FD1D7971899B83E0076CC94 /* SystemConfiguration.framework in Frameworks */ = {isa = PBXBuildFile; fileRef = 9FD1D7961899B83E0076CC94 /* SystemConfiguration.framework */; };
		9FD1D7991899BA170076CC94 /* FacebookSDK.framework in Frameworks */ = {isa = PBXBuildFile; fileRef = 9FD1D7981899BA170076CC94 /* FacebookSDK.framework */; };
		A5080907189ED32B009561FD /* VideoCell.m in Sources */ = {isa = PBXBuildFile; fileRef = A5080906189ED32B009561FD /* VideoCell.m */; };
		A516FC4E189B0A3600164E5A /* IMG_0315.MOV in Resources */ = {isa = PBXBuildFile; fileRef = A516FC4D189B0A3600164E5A /* IMG_0315.MOV */; };
		A516FC50189B322100164E5A /* MediaPlayer.framework in Frameworks */ = {isa = PBXBuildFile; fileRef = A516FC4F189B322100164E5A /* MediaPlayer.framework */; };
		A516FC57189C157000164E5A /* AWSRuntime.framework in Frameworks */ = {isa = PBXBuildFile; fileRef = A516FC55189C157000164E5A /* AWSRuntime.framework */; };
		A516FC58189C157000164E5A /* AWSS3.framework in Frameworks */ = {isa = PBXBuildFile; fileRef = A516FC56189C157000164E5A /* AWSS3.framework */; };
		A52610301891B26A00C87CB2 /* LoginViewController.m in Sources */ = {isa = PBXBuildFile; fileRef = A526102F1891B26A00C87CB2 /* LoginViewController.m */; };
		A52610331891B2A000C87CB2 /* VideoTableViewController.m in Sources */ = {isa = PBXBuildFile; fileRef = A52610321891B2A000C87CB2 /* VideoTableViewController.m */; };
		A52610361891B84A00C87CB2 /* CreateVideoViewController.m in Sources */ = {isa = PBXBuildFile; fileRef = A52610351891B84A00C87CB2 /* CreateVideoViewController.m */; };
		A52610391891B88D00C87CB2 /* SelectPhotosViewController.m in Sources */ = {isa = PBXBuildFile; fileRef = A52610381891B88D00C87CB2 /* SelectPhotosViewController.m */; };
		A591FAA31889C9800096EBE9 /* Foundation.framework in Frameworks */ = {isa = PBXBuildFile; fileRef = A591FAA21889C9800096EBE9 /* Foundation.framework */; };
		A591FAA51889C9800096EBE9 /* CoreGraphics.framework in Frameworks */ = {isa = PBXBuildFile; fileRef = A591FAA41889C9800096EBE9 /* CoreGraphics.framework */; };
		A591FAA71889C9800096EBE9 /* UIKit.framework in Frameworks */ = {isa = PBXBuildFile; fileRef = A591FAA61889C9800096EBE9 /* UIKit.framework */; };
		A591FAAD1889C9800096EBE9 /* InfoPlist.strings in Resources */ = {isa = PBXBuildFile; fileRef = A591FAAB1889C9800096EBE9 /* InfoPlist.strings */; };
		A591FAAF1889C9800096EBE9 /* main.m in Sources */ = {isa = PBXBuildFile; fileRef = A591FAAE1889C9800096EBE9 /* main.m */; };
		A591FAB31889C9800096EBE9 /* AppDelegate.m in Sources */ = {isa = PBXBuildFile; fileRef = A591FAB21889C9800096EBE9 /* AppDelegate.m */; };
		A591FAB61889C9800096EBE9 /* Main.storyboard in Resources */ = {isa = PBXBuildFile; fileRef = A591FAB41889C9800096EBE9 /* Main.storyboard */; };
		A591FABB1889C9800096EBE9 /* Images.xcassets in Resources */ = {isa = PBXBuildFile; fileRef = A591FABA1889C9800096EBE9 /* Images.xcassets */; };
		A591FAC21889C9800096EBE9 /* XCTest.framework in Frameworks */ = {isa = PBXBuildFile; fileRef = A591FAC11889C9800096EBE9 /* XCTest.framework */; };
		A591FAC31889C9800096EBE9 /* Foundation.framework in Frameworks */ = {isa = PBXBuildFile; fileRef = A591FAA21889C9800096EBE9 /* Foundation.framework */; };
		A591FAC41889C9800096EBE9 /* UIKit.framework in Frameworks */ = {isa = PBXBuildFile; fileRef = A591FAA61889C9800096EBE9 /* UIKit.framework */; };
		A591FACC1889C9800096EBE9 /* InfoPlist.strings in Resources */ = {isa = PBXBuildFile; fileRef = A591FACA1889C9800096EBE9 /* InfoPlist.strings */; };
		A591FACE1889C9800096EBE9 /* fliprTests.m in Sources */ = {isa = PBXBuildFile; fileRef = A591FACD1889C9800096EBE9 /* fliprTests.m */; };
/* End PBXBuildFile section */

/* Begin PBXContainerItemProxy section */
		A591FAC51889C9800096EBE9 /* PBXContainerItemProxy */ = {
			isa = PBXContainerItemProxy;
			containerPortal = A591FA971889C9800096EBE9 /* Project object */;
			proxyType = 1;
			remoteGlobalIDString = A591FA9E1889C9800096EBE9;
			remoteInfo = flipr;
		};
/* End PBXContainerItemProxy section */

/* Begin PBXFileReference section */
		1C95DB1112134393978A29DE /* libPods.a */ = {isa = PBXFileReference; explicitFileType = archive.ar; includeInIndex = 0; path = libPods.a; sourceTree = BUILT_PRODUCTS_DIR; };
		21BC853C189DB8220042A6CD /* FlickrClient.h */ = {isa = PBXFileReference; fileEncoding = 4; lastKnownFileType = sourcecode.c.h; path = FlickrClient.h; sourceTree = "<group>"; };
		21BC853D189DB8220042A6CD /* FlickrClient.m */ = {isa = PBXFileReference; fileEncoding = 4; lastKnownFileType = sourcecode.c.objc; path = FlickrClient.m; sourceTree = "<group>"; };
		21BC853F189DB8800042A6CD /* RestObject.h */ = {isa = PBXFileReference; fileEncoding = 4; lastKnownFileType = sourcecode.c.h; name = RestObject.h; path = flipr/RestObject.h; sourceTree = "<group>"; };
		21BC8540189DB8800042A6CD /* RestObject.m */ = {isa = PBXFileReference; fileEncoding = 4; lastKnownFileType = sourcecode.c.objc; name = RestObject.m; path = flipr/RestObject.m; sourceTree = "<group>"; };
		21BC8542189DB8980042A6CD /* FlickrUser.h */ = {isa = PBXFileReference; fileEncoding = 4; lastKnownFileType = sourcecode.c.h; path = FlickrUser.h; sourceTree = "<group>"; };
		21BC8543189DB8980042A6CD /* FlickrUser.m */ = {isa = PBXFileReference; fileEncoding = 4; lastKnownFileType = sourcecode.c.objc; path = FlickrUser.m; sourceTree = "<group>"; };
		21BC8549189DBB730042A6CD /* NSDictionary+CPAdditions.h */ = {isa = PBXFileReference; fileEncoding = 4; lastKnownFileType = sourcecode.c.h; name = "NSDictionary+CPAdditions.h"; path = "flipr/NSDictionary+CPAdditions.h"; sourceTree = "<group>"; };
		21BC854A189DBB730042A6CD /* NSDictionary+CPAdditions.m */ = {isa = PBXFileReference; fileEncoding = 4; lastKnownFileType = sourcecode.c.objc; name = "NSDictionary+CPAdditions.m"; path = "flipr/NSDictionary+CPAdditions.m"; sourceTree = "<group>"; };
		21BC854C189DBC360042A6CD /* FlickrCommons.h */ = {isa = PBXFileReference; fileEncoding = 4; lastKnownFileType = sourcecode.c.h; path = FlickrCommons.h; sourceTree = "<group>"; };
		21C9763F189F04FA0096620D /* FlickrCell.h */ = {isa = PBXFileReference; fileEncoding = 4; lastKnownFileType = sourcecode.c.h; name = FlickrCell.h; path = ../FlickrCell.h; sourceTree = "<group>"; };
		21C97640189F04FA0096620D /* FlickrCell.m */ = {isa = PBXFileReference; fileEncoding = 4; lastKnownFileType = sourcecode.c.objc; name = FlickrCell.m; path = ../FlickrCell.m; sourceTree = "<group>"; };
		21C97642189F051E0096620D /* FlickrCell.xib */ = {isa = PBXFileReference; fileEncoding = 4; lastKnownFileType = file.xib; name = FlickrCell.xib; path = ../FlickrCell.xib; sourceTree = "<group>"; };
		21C97644189F06920096620D /* FlickrPhoto.h */ = {isa = PBXFileReference; fileEncoding = 4; lastKnownFileType = sourcecode.c.h; path = FlickrPhoto.h; sourceTree = "<group>"; };
		21C97645189F06920096620D /* FlickrPhoto.m */ = {isa = PBXFileReference; fileEncoding = 4; lastKnownFileType = sourcecode.c.objc; path = FlickrPhoto.m; sourceTree = "<group>"; };
		812BDD3AD3CF4598BC5E0BC1 /* Pods.xcconfig */ = {isa = PBXFileReference; includeInIndex = 1; lastKnownFileType = text.xcconfig; name = Pods.xcconfig; path = Pods/Pods.xcconfig; sourceTree = "<group>"; };
		9FD1D7841899B7810076CC94 /* Parse.framework */ = {isa = PBXFileReference; lastKnownFileType = wrapper.framework; path = Parse.framework; sourceTree = "<group>"; };
		9FD1D7861899B7C20076CC94 /* AudioToolbox.framework */ = {isa = PBXFileReference; lastKnownFileType = wrapper.framework; name = AudioToolbox.framework; path = System/Library/Frameworks/AudioToolbox.framework; sourceTree = SDKROOT; };
		9FD1D7881899B7D00076CC94 /* CFNetwork.framework */ = {isa = PBXFileReference; lastKnownFileType = wrapper.framework; name = CFNetwork.framework; path = System/Library/Frameworks/CFNetwork.framework; sourceTree = SDKROOT; };
		9FD1D78A1899B7EF0076CC94 /* CoreLocation.framework */ = {isa = PBXFileReference; lastKnownFileType = wrapper.framework; name = CoreLocation.framework; path = System/Library/Frameworks/CoreLocation.framework; sourceTree = SDKROOT; };
		9FD1D78C1899B7FF0076CC94 /* libz.dylib */ = {isa = PBXFileReference; lastKnownFileType = "compiled.mach-o.dylib"; name = libz.dylib; path = usr/lib/libz.dylib; sourceTree = SDKROOT; };
		9FD1D78E1899B80C0076CC94 /* MobileCoreServices.framework */ = {isa = PBXFileReference; lastKnownFileType = wrapper.framework; name = MobileCoreServices.framework; path = System/Library/Frameworks/MobileCoreServices.framework; sourceTree = SDKROOT; };
		9FD1D7901899B81B0076CC94 /* QuartzCore.framework */ = {isa = PBXFileReference; lastKnownFileType = wrapper.framework; name = QuartzCore.framework; path = System/Library/Frameworks/QuartzCore.framework; sourceTree = SDKROOT; };
		9FD1D7921899B8240076CC94 /* Security.framework */ = {isa = PBXFileReference; lastKnownFileType = wrapper.framework; name = Security.framework; path = System/Library/Frameworks/Security.framework; sourceTree = SDKROOT; };
		9FD1D7941899B8310076CC94 /* StoreKit.framework */ = {isa = PBXFileReference; lastKnownFileType = wrapper.framework; name = StoreKit.framework; path = System/Library/Frameworks/StoreKit.framework; sourceTree = SDKROOT; };
		9FD1D7961899B83E0076CC94 /* SystemConfiguration.framework */ = {isa = PBXFileReference; lastKnownFileType = wrapper.framework; name = SystemConfiguration.framework; path = System/Library/Frameworks/SystemConfiguration.framework; sourceTree = SDKROOT; };
		9FD1D7981899BA170076CC94 /* FacebookSDK.framework */ = {isa = PBXFileReference; lastKnownFileType = wrapper.framework; path = FacebookSDK.framework; sourceTree = "<group>"; };
		A5080905189ED32B009561FD /* VideoCell.h */ = {isa = PBXFileReference; fileEncoding = 4; lastKnownFileType = sourcecode.c.h; path = VideoCell.h; sourceTree = "<group>"; };
		A5080906189ED32B009561FD /* VideoCell.m */ = {isa = PBXFileReference; fileEncoding = 4; lastKnownFileType = sourcecode.c.objc; path = VideoCell.m; sourceTree = "<group>"; };
		A516FC4D189B0A3600164E5A /* IMG_0315.MOV */ = {isa = PBXFileReference; lastKnownFileType = video.quicktime; path = IMG_0315.MOV; sourceTree = "<group>"; };
		A516FC4F189B322100164E5A /* MediaPlayer.framework */ = {isa = PBXFileReference; lastKnownFileType = wrapper.framework; name = MediaPlayer.framework; path = System/Library/Frameworks/MediaPlayer.framework; sourceTree = SDKROOT; };
		A516FC55189C157000164E5A /* AWSRuntime.framework */ = {isa = PBXFileReference; lastKnownFileType = wrapper.framework; name = AWSRuntime.framework; path = "aws-ios-sdk-1.7.1/AWSRuntime.framework"; sourceTree = "<group>"; };
		A516FC56189C157000164E5A /* AWSS3.framework */ = {isa = PBXFileReference; lastKnownFileType = wrapper.framework; name = AWSS3.framework; path = "aws-ios-sdk-1.7.1/AWSS3.framework"; sourceTree = "<group>"; };
		A526102E1891B26A00C87CB2 /* LoginViewController.h */ = {isa = PBXFileReference; fileEncoding = 4; lastKnownFileType = sourcecode.c.h; path = LoginViewController.h; sourceTree = "<group>"; };
		A526102F1891B26A00C87CB2 /* LoginViewController.m */ = {isa = PBXFileReference; fileEncoding = 4; lastKnownFileType = sourcecode.c.objc; path = LoginViewController.m; sourceTree = "<group>"; };
		A52610311891B2A000C87CB2 /* VideoTableViewController.h */ = {isa = PBXFileReference; fileEncoding = 4; lastKnownFileType = sourcecode.c.h; path = VideoTableViewController.h; sourceTree = "<group>"; };
		A52610321891B2A000C87CB2 /* VideoTableViewController.m */ = {isa = PBXFileReference; fileEncoding = 4; lastKnownFileType = sourcecode.c.objc; path = VideoTableViewController.m; sourceTree = "<group>"; };
		A52610341891B84A00C87CB2 /* CreateVideoViewController.h */ = {isa = PBXFileReference; fileEncoding = 4; lastKnownFileType = sourcecode.c.h; path = CreateVideoViewController.h; sourceTree = "<group>"; };
		A52610351891B84A00C87CB2 /* CreateVideoViewController.m */ = {isa = PBXFileReference; fileEncoding = 4; lastKnownFileType = sourcecode.c.objc; path = CreateVideoViewController.m; sourceTree = "<group>"; };
		A52610371891B88D00C87CB2 /* SelectPhotosViewController.h */ = {isa = PBXFileReference; fileEncoding = 4; lastKnownFileType = sourcecode.c.h; path = SelectPhotosViewController.h; sourceTree = "<group>"; };
		A52610381891B88D00C87CB2 /* SelectPhotosViewController.m */ = {isa = PBXFileReference; fileEncoding = 4; lastKnownFileType = sourcecode.c.objc; path = SelectPhotosViewController.m; sourceTree = "<group>"; };
		A591FA9F1889C9800096EBE9 /* flipr.app */ = {isa = PBXFileReference; explicitFileType = wrapper.application; includeInIndex = 0; path = flipr.app; sourceTree = BUILT_PRODUCTS_DIR; };
		A591FAA21889C9800096EBE9 /* Foundation.framework */ = {isa = PBXFileReference; lastKnownFileType = wrapper.framework; name = Foundation.framework; path = System/Library/Frameworks/Foundation.framework; sourceTree = SDKROOT; };
		A591FAA41889C9800096EBE9 /* CoreGraphics.framework */ = {isa = PBXFileReference; lastKnownFileType = wrapper.framework; name = CoreGraphics.framework; path = System/Library/Frameworks/CoreGraphics.framework; sourceTree = SDKROOT; };
		A591FAA61889C9800096EBE9 /* UIKit.framework */ = {isa = PBXFileReference; lastKnownFileType = wrapper.framework; name = UIKit.framework; path = System/Library/Frameworks/UIKit.framework; sourceTree = SDKROOT; };
		A591FAAA1889C9800096EBE9 /* flipr-Info.plist */ = {isa = PBXFileReference; lastKnownFileType = text.plist.xml; path = "flipr-Info.plist"; sourceTree = "<group>"; };
		A591FAAC1889C9800096EBE9 /* en */ = {isa = PBXFileReference; lastKnownFileType = text.plist.strings; name = en; path = en.lproj/InfoPlist.strings; sourceTree = "<group>"; };
		A591FAAE1889C9800096EBE9 /* main.m */ = {isa = PBXFileReference; lastKnownFileType = sourcecode.c.objc; path = main.m; sourceTree = "<group>"; };
		A591FAB01889C9800096EBE9 /* flipr-Prefix.pch */ = {isa = PBXFileReference; lastKnownFileType = sourcecode.c.h; path = "flipr-Prefix.pch"; sourceTree = "<group>"; };
		A591FAB11889C9800096EBE9 /* AppDelegate.h */ = {isa = PBXFileReference; lastKnownFileType = sourcecode.c.h; path = AppDelegate.h; sourceTree = "<group>"; };
		A591FAB21889C9800096EBE9 /* AppDelegate.m */ = {isa = PBXFileReference; lastKnownFileType = sourcecode.c.objc; path = AppDelegate.m; sourceTree = "<group>"; };
		A591FAB51889C9800096EBE9 /* Base */ = {isa = PBXFileReference; lastKnownFileType = file.storyboard; name = Base; path = Base.lproj/Main.storyboard; sourceTree = "<group>"; };
		A591FABA1889C9800096EBE9 /* Images.xcassets */ = {isa = PBXFileReference; lastKnownFileType = folder.assetcatalog; path = Images.xcassets; sourceTree = "<group>"; };
		A591FAC01889C9800096EBE9 /* fliprTests.xctest */ = {isa = PBXFileReference; explicitFileType = wrapper.cfbundle; includeInIndex = 0; path = fliprTests.xctest; sourceTree = BUILT_PRODUCTS_DIR; };
		A591FAC11889C9800096EBE9 /* XCTest.framework */ = {isa = PBXFileReference; lastKnownFileType = wrapper.framework; name = XCTest.framework; path = Library/Frameworks/XCTest.framework; sourceTree = DEVELOPER_DIR; };
		A591FAC91889C9800096EBE9 /* fliprTests-Info.plist */ = {isa = PBXFileReference; lastKnownFileType = text.plist.xml; path = "fliprTests-Info.plist"; sourceTree = "<group>"; };
		A591FACB1889C9800096EBE9 /* en */ = {isa = PBXFileReference; lastKnownFileType = text.plist.strings; name = en; path = en.lproj/InfoPlist.strings; sourceTree = "<group>"; };
		A591FACD1889C9800096EBE9 /* fliprTests.m */ = {isa = PBXFileReference; lastKnownFileType = sourcecode.c.objc; path = fliprTests.m; sourceTree = "<group>"; };
/* End PBXFileReference section */

/* Begin PBXFrameworksBuildPhase section */
		A591FA9C1889C9800096EBE9 /* Frameworks */ = {
			isa = PBXFrameworksBuildPhase;
			buildActionMask = 2147483647;
			files = (
				A516FC57189C157000164E5A /* AWSRuntime.framework in Frameworks */,
				A516FC58189C157000164E5A /* AWSS3.framework in Frameworks */,
				A516FC50189B322100164E5A /* MediaPlayer.framework in Frameworks */,
				9FD1D7971899B83E0076CC94 /* SystemConfiguration.framework in Frameworks */,
				9FD1D7951899B8310076CC94 /* StoreKit.framework in Frameworks */,
				9FD1D7931899B8240076CC94 /* Security.framework in Frameworks */,
				9FD1D7911899B81B0076CC94 /* QuartzCore.framework in Frameworks */,
				9FD1D78F1899B80C0076CC94 /* MobileCoreServices.framework in Frameworks */,
				9FD1D78D1899B7FF0076CC94 /* libz.dylib in Frameworks */,
				9FD1D78B1899B7EF0076CC94 /* CoreLocation.framework in Frameworks */,
				A591FAA51889C9800096EBE9 /* CoreGraphics.framework in Frameworks */,
				9FD1D7891899B7D00076CC94 /* CFNetwork.framework in Frameworks */,
				9FD1D7871899B7C20076CC94 /* AudioToolbox.framework in Frameworks */,
				A591FAA71889C9800096EBE9 /* UIKit.framework in Frameworks */,
				9FD1D7991899BA170076CC94 /* FacebookSDK.framework in Frameworks */,
				A591FAA31889C9800096EBE9 /* Foundation.framework in Frameworks */,
				11F3603F342F42D5ADEC7FAB /* libPods.a in Frameworks */,
				9FD1D7851899B7810076CC94 /* Parse.framework in Frameworks */,
			);
			runOnlyForDeploymentPostprocessing = 0;
		};
		A591FABD1889C9800096EBE9 /* Frameworks */ = {
			isa = PBXFrameworksBuildPhase;
			buildActionMask = 2147483647;
			files = (
				A591FAC21889C9800096EBE9 /* XCTest.framework in Frameworks */,
				A591FAC41889C9800096EBE9 /* UIKit.framework in Frameworks */,
				A591FAC31889C9800096EBE9 /* Foundation.framework in Frameworks */,
			);
			runOnlyForDeploymentPostprocessing = 0;
		};
/* End PBXFrameworksBuildPhase section */

/* Begin PBXGroup section */
		21BC8539189DB6920042A6CD /* FlickrSupport */ = {
			isa = PBXGroup;
			children = (
				21BC853C189DB8220042A6CD /* FlickrClient.h */,
				21C9763F189F04FA0096620D /* FlickrCell.h */,
				21C97642189F051E0096620D /* FlickrCell.xib */,
				21C97640189F04FA0096620D /* FlickrCell.m */,
				21BC853D189DB8220042A6CD /* FlickrClient.m */,
				21BC8542189DB8980042A6CD /* FlickrUser.h */,
				21BC8543189DB8980042A6CD /* FlickrUser.m */,
			);
			name = FlickrSupport;
			sourceTree = "<group>";
		};
		21BC853A189DB6AE0042A6CD /* RestSupport */ = {
			isa = PBXGroup;
			children = (
				21BC853F189DB8800042A6CD /* RestObject.h */,
				21C97644189F06920096620D /* FlickrPhoto.h */,
				21C97645189F06920096620D /* FlickrPhoto.m */,
				21BC8540189DB8800042A6CD /* RestObject.m */,
				21BC8549189DBB730042A6CD /* NSDictionary+CPAdditions.h */,
				21BC854A189DBB730042A6CD /* NSDictionary+CPAdditions.m */,
			);
			name = RestSupport;
			path = ..;
			sourceTree = "<group>";
		};
		A591FA961889C9800096EBE9 = {
			isa = PBXGroup;
			children = (
				A591FAA81889C9800096EBE9 /* flipr */,
				A591FAC71889C9800096EBE9 /* fliprTests */,
				A591FAA11889C9800096EBE9 /* Frameworks */,
				A591FAA01889C9800096EBE9 /* Products */,
				812BDD3AD3CF4598BC5E0BC1 /* Pods.xcconfig */,
			);
			sourceTree = "<group>";
		};
		A591FAA01889C9800096EBE9 /* Products */ = {
			isa = PBXGroup;
			children = (
				A591FA9F1889C9800096EBE9 /* flipr.app */,
				A591FAC01889C9800096EBE9 /* fliprTests.xctest */,
			);
			name = Products;
			sourceTree = "<group>";
		};
		A591FAA11889C9800096EBE9 /* Frameworks */ = {
			isa = PBXGroup;
			children = (
				A516FC55189C157000164E5A /* AWSRuntime.framework */,
				A516FC56189C157000164E5A /* AWSS3.framework */,
				A516FC4F189B322100164E5A /* MediaPlayer.framework */,
				9FD1D7981899BA170076CC94 /* FacebookSDK.framework */,
				9FD1D7961899B83E0076CC94 /* SystemConfiguration.framework */,
				9FD1D7941899B8310076CC94 /* StoreKit.framework */,
				9FD1D7921899B8240076CC94 /* Security.framework */,
				9FD1D7901899B81B0076CC94 /* QuartzCore.framework */,
				9FD1D78E1899B80C0076CC94 /* MobileCoreServices.framework */,
				9FD1D78C1899B7FF0076CC94 /* libz.dylib */,
				9FD1D78A1899B7EF0076CC94 /* CoreLocation.framework */,
				9FD1D7881899B7D00076CC94 /* CFNetwork.framework */,
				9FD1D7861899B7C20076CC94 /* AudioToolbox.framework */,
				9FD1D7841899B7810076CC94 /* Parse.framework */,
				A591FAA21889C9800096EBE9 /* Foundation.framework */,
				A591FAA41889C9800096EBE9 /* CoreGraphics.framework */,
				A591FAA61889C9800096EBE9 /* UIKit.framework */,
				A591FAC11889C9800096EBE9 /* XCTest.framework */,
				1C95DB1112134393978A29DE /* libPods.a */,
			);
			name = Frameworks;
			sourceTree = "<group>";
		};
		A591FAA81889C9800096EBE9 /* flipr */ = {
			isa = PBXGroup;
			children = (
				21BC853A189DB6AE0042A6CD /* RestSupport */,
				21BC8539189DB6920042A6CD /* FlickrSupport */,
				A591FAB11889C9800096EBE9 /* AppDelegate.h */,
				A591FAB21889C9800096EBE9 /* AppDelegate.m */,
				A591FAB41889C9800096EBE9 /* Main.storyboard */,
				A52610371891B88D00C87CB2 /* SelectPhotosViewController.h */,
				A52610381891B88D00C87CB2 /* SelectPhotosViewController.m */,
				A52610341891B84A00C87CB2 /* CreateVideoViewController.h */,
				A52610351891B84A00C87CB2 /* CreateVideoViewController.m */,
				A52610311891B2A000C87CB2 /* VideoTableViewController.h */,
				A52610321891B2A000C87CB2 /* VideoTableViewController.m */,
				A526102E1891B26A00C87CB2 /* LoginViewController.h */,
				A526102F1891B26A00C87CB2 /* LoginViewController.m */,
				A591FABA1889C9800096EBE9 /* Images.xcassets */,
				A591FAA91889C9800096EBE9 /* Supporting Files */,
				A5080905189ED32B009561FD /* VideoCell.h */,
				A5080906189ED32B009561FD /* VideoCell.m */,
			);
			path = flipr;
			sourceTree = "<group>";
		};
		A591FAA91889C9800096EBE9 /* Supporting Files */ = {
			isa = PBXGroup;
			children = (
				21BC854C189DBC360042A6CD /* FlickrCommons.h */,
				A516FC4D189B0A3600164E5A /* IMG_0315.MOV */,
				A591FAAA1889C9800096EBE9 /* flipr-Info.plist */,
				A591FAAB1889C9800096EBE9 /* InfoPlist.strings */,
				A591FAAE1889C9800096EBE9 /* main.m */,
				A591FAB01889C9800096EBE9 /* flipr-Prefix.pch */,
			);
			name = "Supporting Files";
			sourceTree = "<group>";
		};
		A591FAC71889C9800096EBE9 /* fliprTests */ = {
			isa = PBXGroup;
			children = (
				A591FACD1889C9800096EBE9 /* fliprTests.m */,
				A591FAC81889C9800096EBE9 /* Supporting Files */,
			);
			path = fliprTests;
			sourceTree = "<group>";
		};
		A591FAC81889C9800096EBE9 /* Supporting Files */ = {
			isa = PBXGroup;
			children = (
				A591FAC91889C9800096EBE9 /* fliprTests-Info.plist */,
				A591FACA1889C9800096EBE9 /* InfoPlist.strings */,
			);
			name = "Supporting Files";
			sourceTree = "<group>";
		};
/* End PBXGroup section */

/* Begin PBXNativeTarget section */
		A591FA9E1889C9800096EBE9 /* flipr */ = {
			isa = PBXNativeTarget;
			buildConfigurationList = A591FAD11889C9800096EBE9 /* Build configuration list for PBXNativeTarget "flipr" */;
			buildPhases = (
				BE930E972A97402596EBC193 /* Check Pods Manifest.lock */,
				A591FA9B1889C9800096EBE9 /* Sources */,
				A591FA9C1889C9800096EBE9 /* Frameworks */,
				A591FA9D1889C9800096EBE9 /* Resources */,
				BFAC07E262994C83B400EE0C /* Copy Pods Resources */,
			);
			buildRules = (
			);
			dependencies = (
			);
			name = flipr;
			productName = flipr;
			productReference = A591FA9F1889C9800096EBE9 /* flipr.app */;
			productType = "com.apple.product-type.application";
		};
		A591FABF1889C9800096EBE9 /* fliprTests */ = {
			isa = PBXNativeTarget;
			buildConfigurationList = A591FAD41889C9800096EBE9 /* Build configuration list for PBXNativeTarget "fliprTests" */;
			buildPhases = (
				A591FABC1889C9800096EBE9 /* Sources */,
				A591FABD1889C9800096EBE9 /* Frameworks */,
				A591FABE1889C9800096EBE9 /* Resources */,
			);
			buildRules = (
			);
			dependencies = (
				A591FAC61889C9800096EBE9 /* PBXTargetDependency */,
			);
			name = fliprTests;
			productName = fliprTests;
			productReference = A591FAC01889C9800096EBE9 /* fliprTests.xctest */;
			productType = "com.apple.product-type.bundle.unit-test";
		};
/* End PBXNativeTarget section */

/* Begin PBXProject section */
		A591FA971889C9800096EBE9 /* Project object */ = {
			isa = PBXProject;
			attributes = {
				LastUpgradeCheck = 0500;
				ORGANIZATIONNAME = yahoo;
				TargetAttributes = {
					A591FABF1889C9800096EBE9 = {
						TestTargetID = A591FA9E1889C9800096EBE9;
					};
				};
			};
			buildConfigurationList = A591FA9A1889C9800096EBE9 /* Build configuration list for PBXProject "flipr" */;
			compatibilityVersion = "Xcode 3.2";
			developmentRegion = English;
			hasScannedForEncodings = 0;
			knownRegions = (
				en,
				Base,
			);
			mainGroup = A591FA961889C9800096EBE9;
			productRefGroup = A591FAA01889C9800096EBE9 /* Products */;
			projectDirPath = "";
			projectRoot = "";
			targets = (
				A591FA9E1889C9800096EBE9 /* flipr */,
				A591FABF1889C9800096EBE9 /* fliprTests */,
			);
		};
/* End PBXProject section */

/* Begin PBXResourcesBuildPhase section */
		A591FA9D1889C9800096EBE9 /* Resources */ = {
			isa = PBXResourcesBuildPhase;
			buildActionMask = 2147483647;
			files = (
				21C97643189F051E0096620D /* FlickrCell.xib in Resources */,
				A591FABB1889C9800096EBE9 /* Images.xcassets in Resources */,
				A516FC4E189B0A3600164E5A /* IMG_0315.MOV in Resources */,
				A591FAAD1889C9800096EBE9 /* InfoPlist.strings in Resources */,
				A591FAB61889C9800096EBE9 /* Main.storyboard in Resources */,
			);
			runOnlyForDeploymentPostprocessing = 0;
		};
		A591FABE1889C9800096EBE9 /* Resources */ = {
			isa = PBXResourcesBuildPhase;
			buildActionMask = 2147483647;
			files = (
				A591FACC1889C9800096EBE9 /* InfoPlist.strings in Resources */,
			);
			runOnlyForDeploymentPostprocessing = 0;
		};
/* End PBXResourcesBuildPhase section */

/* Begin PBXShellScriptBuildPhase section */
		BE930E972A97402596EBC193 /* Check Pods Manifest.lock */ = {
			isa = PBXShellScriptBuildPhase;
			buildActionMask = 2147483647;
			files = (
			);
			inputPaths = (
			);
			name = "Check Pods Manifest.lock";
			outputPaths = (
			);
			runOnlyForDeploymentPostprocessing = 0;
			shellPath = /bin/sh;
			shellScript = "diff \"${PODS_ROOT}/../Podfile.lock\" \"${PODS_ROOT}/Manifest.lock\" > /dev/null\nif [[ $? != 0 ]] ; then\n    cat << EOM\nerror: The sandbox is not in sync with the Podfile.lock. Run 'pod install' or update your CocoaPods installation.\nEOM\n    exit 1\nfi\n";
			showEnvVarsInLog = 0;
		};
		BFAC07E262994C83B400EE0C /* Copy Pods Resources */ = {
			isa = PBXShellScriptBuildPhase;
			buildActionMask = 2147483647;
			files = (
			);
			inputPaths = (
			);
			name = "Copy Pods Resources";
			outputPaths = (
			);
			runOnlyForDeploymentPostprocessing = 0;
			shellPath = /bin/sh;
			shellScript = "\"${SRCROOT}/Pods/Pods-resources.sh\"\n";
			showEnvVarsInLog = 0;
		};
/* End PBXShellScriptBuildPhase section */

/* Begin PBXSourcesBuildPhase section */
		A591FA9B1889C9800096EBE9 /* Sources */ = {
			isa = PBXSourcesBuildPhase;
			buildActionMask = 2147483647;
			files = (
				A5080907189ED32B009561FD /* VideoCell.m in Sources */,
				A591FAB31889C9800096EBE9 /* AppDelegate.m in Sources */,
				A52610391891B88D00C87CB2 /* SelectPhotosViewController.m in Sources */,
				A591FAAF1889C9800096EBE9 /* main.m in Sources */,
				21BC8544189DB8980042A6CD /* FlickrUser.m in Sources */,
				A52610301891B26A00C87CB2 /* LoginViewController.m in Sources */,
				21BC854B189DBB730042A6CD /* NSDictionary+CPAdditions.m in Sources */,
				21BC8541189DB8800042A6CD /* RestObject.m in Sources */,
				A52610331891B2A000C87CB2 /* VideoTableViewController.m in Sources */,
				21C97646189F06920096620D /* FlickrPhoto.m in Sources */,
				21BC853E189DB8220042A6CD /* FlickrClient.m in Sources */,
				21C97641189F04FA0096620D /* FlickrCell.m in Sources */,
				A52610361891B84A00C87CB2 /* CreateVideoViewController.m in Sources */,
			);
			runOnlyForDeploymentPostprocessing = 0;
		};
		A591FABC1889C9800096EBE9 /* Sources */ = {
			isa = PBXSourcesBuildPhase;
			buildActionMask = 2147483647;
			files = (
				A591FACE1889C9800096EBE9 /* fliprTests.m in Sources */,
			);
			runOnlyForDeploymentPostprocessing = 0;
		};
/* End PBXSourcesBuildPhase section */

/* Begin PBXTargetDependency section */
		A591FAC61889C9800096EBE9 /* PBXTargetDependency */ = {
			isa = PBXTargetDependency;
			target = A591FA9E1889C9800096EBE9 /* flipr */;
			targetProxy = A591FAC51889C9800096EBE9 /* PBXContainerItemProxy */;
		};
/* End PBXTargetDependency section */

/* Begin PBXVariantGroup section */
		A591FAAB1889C9800096EBE9 /* InfoPlist.strings */ = {
			isa = PBXVariantGroup;
			children = (
				A591FAAC1889C9800096EBE9 /* en */,
			);
			name = InfoPlist.strings;
			sourceTree = "<group>";
		};
		A591FAB41889C9800096EBE9 /* Main.storyboard */ = {
			isa = PBXVariantGroup;
			children = (
				A591FAB51889C9800096EBE9 /* Base */,
			);
			name = Main.storyboard;
			sourceTree = "<group>";
		};
		A591FACA1889C9800096EBE9 /* InfoPlist.strings */ = {
			isa = PBXVariantGroup;
			children = (
				A591FACB1889C9800096EBE9 /* en */,
			);
			name = InfoPlist.strings;
			sourceTree = "<group>";
		};
/* End PBXVariantGroup section */

/* Begin XCBuildConfiguration section */
		A591FACF1889C9800096EBE9 /* Debug */ = {
			isa = XCBuildConfiguration;
			buildSettings = {
				ALWAYS_SEARCH_USER_PATHS = NO;
				ARCHS = "$(ARCHS_STANDARD_INCLUDING_64_BIT)";
				CLANG_CXX_LANGUAGE_STANDARD = "gnu++0x";
				CLANG_CXX_LIBRARY = "libc++";
				CLANG_ENABLE_MODULES = YES;
				CLANG_ENABLE_OBJC_ARC = YES;
				CLANG_WARN_BOOL_CONVERSION = YES;
				CLANG_WARN_CONSTANT_CONVERSION = YES;
				CLANG_WARN_DIRECT_OBJC_ISA_USAGE = YES_ERROR;
				CLANG_WARN_EMPTY_BODY = YES;
				CLANG_WARN_ENUM_CONVERSION = YES;
				CLANG_WARN_INT_CONVERSION = YES;
				CLANG_WARN_OBJC_ROOT_CLASS = YES_ERROR;
				CLANG_WARN__DUPLICATE_METHOD_MATCH = YES;
				"CODE_SIGN_IDENTITY[sdk=iphoneos*]" = "iPhone Developer";
				COPY_PHASE_STRIP = NO;
				GCC_C_LANGUAGE_STANDARD = gnu99;
				GCC_DYNAMIC_NO_PIC = NO;
				GCC_OPTIMIZATION_LEVEL = 0;
				GCC_PREPROCESSOR_DEFINITIONS = (
					"DEBUG=1",
					"$(inherited)",
				);
				GCC_SYMBOLS_PRIVATE_EXTERN = NO;
				GCC_WARN_64_TO_32_BIT_CONVERSION = YES;
				GCC_WARN_ABOUT_RETURN_TYPE = YES_ERROR;
				GCC_WARN_UNDECLARED_SELECTOR = YES;
				GCC_WARN_UNINITIALIZED_AUTOS = YES;
				GCC_WARN_UNUSED_FUNCTION = YES;
				GCC_WARN_UNUSED_VARIABLE = YES;
				IPHONEOS_DEPLOYMENT_TARGET = 7.0;
				ONLY_ACTIVE_ARCH = YES;
				SDKROOT = iphoneos;
			};
			name = Debug;
		};
		A591FAD01889C9800096EBE9 /* Release */ = {
			isa = XCBuildConfiguration;
			buildSettings = {
				ALWAYS_SEARCH_USER_PATHS = NO;
				ARCHS = "$(ARCHS_STANDARD_INCLUDING_64_BIT)";
				CLANG_CXX_LANGUAGE_STANDARD = "gnu++0x";
				CLANG_CXX_LIBRARY = "libc++";
				CLANG_ENABLE_MODULES = YES;
				CLANG_ENABLE_OBJC_ARC = YES;
				CLANG_WARN_BOOL_CONVERSION = YES;
				CLANG_WARN_CONSTANT_CONVERSION = YES;
				CLANG_WARN_DIRECT_OBJC_ISA_USAGE = YES_ERROR;
				CLANG_WARN_EMPTY_BODY = YES;
				CLANG_WARN_ENUM_CONVERSION = YES;
				CLANG_WARN_INT_CONVERSION = YES;
				CLANG_WARN_OBJC_ROOT_CLASS = YES_ERROR;
				CLANG_WARN__DUPLICATE_METHOD_MATCH = YES;
				"CODE_SIGN_IDENTITY[sdk=iphoneos*]" = "iPhone Developer";
				COPY_PHASE_STRIP = YES;
				ENABLE_NS_ASSERTIONS = NO;
				GCC_C_LANGUAGE_STANDARD = gnu99;
				GCC_WARN_64_TO_32_BIT_CONVERSION = YES;
				GCC_WARN_ABOUT_RETURN_TYPE = YES_ERROR;
				GCC_WARN_UNDECLARED_SELECTOR = YES;
				GCC_WARN_UNINITIALIZED_AUTOS = YES;
				GCC_WARN_UNUSED_FUNCTION = YES;
				GCC_WARN_UNUSED_VARIABLE = YES;
				IPHONEOS_DEPLOYMENT_TARGET = 7.0;
				SDKROOT = iphoneos;
				VALIDATE_PRODUCT = YES;
			};
			name = Release;
		};
		A591FAD21889C9800096EBE9 /* Debug */ = {
			isa = XCBuildConfiguration;
			baseConfigurationReference = 812BDD3AD3CF4598BC5E0BC1 /* Pods.xcconfig */;
			buildSettings = {
				ASSETCATALOG_COMPILER_APPICON_NAME = AppIcon;
				ASSETCATALOG_COMPILER_LAUNCHIMAGE_NAME = LaunchImage;
				FRAMEWORK_SEARCH_PATHS = "$(SRCROOT)/**";
				GCC_PRECOMPILE_PREFIX_HEADER = YES;
				GCC_PREFIX_HEADER = "flipr/flipr-Prefix.pch";
				INFOPLIST_FILE = "flipr/flipr-Info.plist";
				PRODUCT_NAME = "$(TARGET_NAME)";
				WRAPPER_EXTENSION = app;
			};
			name = Debug;
		};
		A591FAD31889C9800096EBE9 /* Release */ = {
			isa = XCBuildConfiguration;
			baseConfigurationReference = 812BDD3AD3CF4598BC5E0BC1 /* Pods.xcconfig */;
			buildSettings = {
				ASSETCATALOG_COMPILER_APPICON_NAME = AppIcon;
				ASSETCATALOG_COMPILER_LAUNCHIMAGE_NAME = LaunchImage;
				FRAMEWORK_SEARCH_PATHS = "$(SRCROOT)/**";
				GCC_PRECOMPILE_PREFIX_HEADER = YES;
				GCC_PREFIX_HEADER = "flipr/flipr-Prefix.pch";
				INFOPLIST_FILE = "flipr/flipr-Info.plist";
				PRODUCT_NAME = "$(TARGET_NAME)";
				WRAPPER_EXTENSION = app;
			};
			name = Release;
		};
		A591FAD51889C9800096EBE9 /* Debug */ = {
			isa = XCBuildConfiguration;
			buildSettings = {
				ARCHS = "$(ARCHS_STANDARD_INCLUDING_64_BIT)";
				BUNDLE_LOADER = "$(BUILT_PRODUCTS_DIR)/flipr.app/flipr";
				FRAMEWORK_SEARCH_PATHS = (
					"$(SDKROOT)/Developer/Library/Frameworks",
					"$(inherited)",
					"$(DEVELOPER_FRAMEWORKS_DIR)",
				);
				GCC_PRECOMPILE_PREFIX_HEADER = YES;
				GCC_PREFIX_HEADER = "flipr/flipr-Prefix.pch";
				GCC_PREPROCESSOR_DEFINITIONS = (
					"DEBUG=1",
					"$(inherited)",
				);
				INFOPLIST_FILE = "fliprTests/fliprTests-Info.plist";
				PRODUCT_NAME = "$(TARGET_NAME)";
				TEST_HOST = "$(BUNDLE_LOADER)";
				WRAPPER_EXTENSION = xctest;
			};
			name = Debug;
		};
		A591FAD61889C9800096EBE9 /* Release */ = {
			isa = XCBuildConfiguration;
			buildSettings = {
				ARCHS = "$(ARCHS_STANDARD_INCLUDING_64_BIT)";
				BUNDLE_LOADER = "$(BUILT_PRODUCTS_DIR)/flipr.app/flipr";
				FRAMEWORK_SEARCH_PATHS = (
					"$(SDKROOT)/Developer/Library/Frameworks",
					"$(inherited)",
					"$(DEVELOPER_FRAMEWORKS_DIR)",
				);
				GCC_PRECOMPILE_PREFIX_HEADER = YES;
				GCC_PREFIX_HEADER = "flipr/flipr-Prefix.pch";
				INFOPLIST_FILE = "fliprTests/fliprTests-Info.plist";
				PRODUCT_NAME = "$(TARGET_NAME)";
				TEST_HOST = "$(BUNDLE_LOADER)";
				WRAPPER_EXTENSION = xctest;
			};
			name = Release;
		};
/* End XCBuildConfiguration section */

/* Begin XCConfigurationList section */
		A591FA9A1889C9800096EBE9 /* Build configuration list for PBXProject "flipr" */ = {
			isa = XCConfigurationList;
			buildConfigurations = (
				A591FACF1889C9800096EBE9 /* Debug */,
				A591FAD01889C9800096EBE9 /* Release */,
			);
			defaultConfigurationIsVisible = 0;
			defaultConfigurationName = Release;
		};
		A591FAD11889C9800096EBE9 /* Build configuration list for PBXNativeTarget "flipr" */ = {
			isa = XCConfigurationList;
			buildConfigurations = (
				A591FAD21889C9800096EBE9 /* Debug */,
				A591FAD31889C9800096EBE9 /* Release */,
			);
			defaultConfigurationIsVisible = 0;
			defaultConfigurationName = Release;
		};
		A591FAD41889C9800096EBE9 /* Build configuration list for PBXNativeTarget "fliprTests" */ = {
			isa = XCConfigurationList;
			buildConfigurations = (
				A591FAD51889C9800096EBE9 /* Debug */,
				A591FAD61889C9800096EBE9 /* Release */,
			);
			defaultConfigurationIsVisible = 0;
			defaultConfigurationName = Release;
		};
/* End XCConfigurationList section */
	};
	rootObject = A591FA971889C9800096EBE9 /* Project object */;
}
